
Microsoft Visual Studio Solution File, Format Version 12.00
# Visual Studio Version 17
VisualStudioVersion = 17.0.32112.339
MinimumVisualStudioVersion = 10.0.40219.1
Project("{FAE04EC0-301F-11D3-BF4B-00C04F79EFBC}") = "UralsibTestTask", "UralsibTestTask\UralsibTestTask.csproj", "{73D20646-4E06-4CDC-BCE4-19D1C942CE79}"
EndProject
Global
	GlobalSection(SolutionConfigurationPlatforms) = preSolution
		Debug|Any CPU = Debug|Any CPU
		Release|Any CPU = Release|Any CPU
	EndGlobalSection
	GlobalSection(ProjectConfigurationPlatforms) = postSolution
		{73D20646-4E06-4CDC-BCE4-19D1C942CE79}.Debug|Any CPU.ActiveCfg = Debug|Any CPU
		{73D20646-4E06-4CDC-BCE4-19D1C942CE79}.Debug|Any CPU.Build.0 = Debug|Any CPU
		{73D20646-4E06-4CDC-BCE4-19D1C942CE79}.Release|Any CPU.ActiveCfg = Release|Any CPU
		{73D20646-4E06-4CDC-BCE4-19D1C942CE79}.Release|Any CPU.Build.0 = Release|Any CPU
	EndGlobalSection
	GlobalSection(SolutionProperties) = preSolution
		HideSolutionNode = FALSE
	EndGlobalSection
	GlobalSection(ExtensibilityGlobals) = postSolution
		SolutionGuid = {B3F794C6-309B-4FEB-B644-76EA5415F548}
	EndGlobalSection
EndGlobal
